PODS:
  - KetchSDK/Core (3.0.0)
  - KetchSDK/UI (3.0.0):
    - KetchSDK/Core

DEPENDENCIES:
  - KetchSDK/UI (from `../`)

EXTERNAL SOURCES:
  KetchSDK:
    :path: "../"

SPEC CHECKSUMS:
  KetchSDK: 11144044ae0e293cb848298a6dbad65b7cfe02f3

PODFILE CHECKSUM: be1ced2c19d48831c574eb73d33b2690af8ea055

COCOAPODS: 1.14.2
