PODS:
  - KetchSDK/CCPA (2.0.2):
    - KetchSDK/Core
  - KetchSDK/Core (2.0.2)
  - KetchSDK/TCF (2.0.2):
    - KetchSDK/Core
  - KetchSDK/UI (2.0.2):
    - KetchSDK/Core

DEPENDENCIES:
  - KetchSDK/CCPA (from `../`)
  - KetchSDK/TCF (from `../`)
  - KetchSDK/UI (from `../`)

EXTERNAL SOURCES:
  KetchSDK:
    :path: "../"

SPEC CHECKSUMS:
  KetchSDK: 7edbe797e92306d3a714c315d8f4bd378d22fb77

PODFILE CHECKSUM: ef22dabd79d6bc2ba31a0740524f2ad886e99c3b

COCOAPODS: 1.14.2
