PODS:
  - KetchSDK/CCPA (0.1.0):
    - KetchSDK/Core
  - KetchSDK/Core (0.1.0)
  - KetchSDK/TCF (0.1.0):
    - KetchSDK/Core

DEPENDENCIES:
  - KetchSDK/CCPA (from `../`)
  - KetchSDK/TCF (from `../`)

EXTERNAL SOURCES:
  KetchSDK:
    :path: "../"

SPEC CHECKSUMS:
  KetchSDK: b52a278b9bf69da62acf0b0ef98a41904d6e6331

PODFILE CHECKSUM: 66aa92598901f65bb70ad6ef721aea7d63b9a4ff

COCOAPODS: 1.11.3
