// !$*UTF8*$!
{
	archiveVersion = 1;
	classes = {
	};
	objectVersion = 51;
	objects = {

/* Begin PBXBuildFile section */
		7934D7DE243B31A40044A64A /* Step1SetupViewController.swift in Sources */ = {isa = PBXBuildFile; fileRef = 7934D7DD243B31A40044A64A /* Step1SetupViewController.swift */; };
		7934D7E0243B34250044A64A /* Step2BootstrapConfigViewController.swift in Sources */ = {isa = PBXBuildFile; fileRef = 7934D7DF243B34250044A64A /* Step2BootstrapConfigViewController.swift */; };
		7934D7E3243B39960044A64A /* NetworkTaskResult+Description.swift in Sources */ = {isa = PBXBuildFile; fileRef = 7934D7E2243B39960044A64A /* NetworkTaskResult+Description.swift */; };
		7934D7E5243B3BE30044A64A /* Step3FullConfigViewController.swift in Sources */ = {isa = PBXBuildFile; fileRef = 7934D7E4243B3BE30044A64A /* Step3FullConfigViewController.swift */; };
		7934D7E7243B422D0044A64A /* SetConsentStatusViewController.swift in Sources */ = {isa = PBXBuildFile; fileRef = 7934D7E6243B422D0044A64A /* SetConsentStatusViewController.swift */; };
		7934D7E9243B42380044A64A /* GetConsentStatusViewController.swift in Sources */ = {isa = PBXBuildFile; fileRef = 7934D7E8243B42380044A64A /* GetConsentStatusViewController.swift */; };
		7934D7EB243B42430044A64A /* InvokeRightViewController.swift in Sources */ = {isa = PBXBuildFile; fileRef = 7934D7EA243B42430044A64A /* InvokeRightViewController.swift */; };
		7934D7ED243B45350044A64A /* UsageViewControllerProtocol.swift in Sources */ = {isa = PBXBuildFile; fileRef = 7934D7EC243B45350044A64A /* UsageViewControllerProtocol.swift */; };
		79378F30243F3C120024FA9D /* CheckboxLabel.swift in Sources */ = {isa = PBXBuildFile; fileRef = 79378F2F243F3C120024FA9D /* CheckboxLabel.swift */; };
		79378F32243F3C300024FA9D /* ConsentStatusView.swift in Sources */ = {isa = PBXBuildFile; fileRef = 79378F31243F3C300024FA9D /* ConsentStatusView.swift */; };
		79AE78F4242A7227006AFD7D /* AppDelegate.swift in Sources */ = {isa = PBXBuildFile; fileRef = 79AE78F3242A7227006AFD7D /* AppDelegate.swift */; };
		79AE78F6242A7227006AFD7D /* SceneDelegate.swift in Sources */ = {isa = PBXBuildFile; fileRef = 79AE78F5242A7227006AFD7D /* SceneDelegate.swift */; };
		79AE78FB242A7227006AFD7D /* Main.storyboard in Resources */ = {isa = PBXBuildFile; fileRef = 79AE78F9242A7227006AFD7D /* Main.storyboard */; };
		79AE78FD242A7228006AFD7D /* Assets.xcassets in Resources */ = {isa = PBXBuildFile; fileRef = 79AE78FC242A7228006AFD7D /* Assets.xcassets */; };
		79AE7900242A7228006AFD7D /* LaunchScreen.storyboard in Resources */ = {isa = PBXBuildFile; fileRef = 79AE78FE242A7228006AFD7D /* LaunchScreen.storyboard */; };
/* End PBXBuildFile section */

/* Begin PBXFileReference section */
		06E98EBA8CC23DC688C0BB42 /* Pods-Sample.release.xcconfig */ = {isa = PBXFileReference; includeInIndex = 1; lastKnownFileType = text.xcconfig; name = "Pods-Sample.release.xcconfig"; path = "Target Support Files/Pods-Sample/Pods-Sample.release.xcconfig"; sourceTree = "<group>"; };
		7934D7DD243B31A40044A64A /* Step1SetupViewController.swift */ = {isa = PBXFileReference; lastKnownFileType = sourcecode.swift; path = Step1SetupViewController.swift; sourceTree = "<group>"; };
		7934D7DF243B34250044A64A /* Step2BootstrapConfigViewController.swift */ = {isa = PBXFileReference; lastKnownFileType = sourcecode.swift; path = Step2BootstrapConfigViewController.swift; sourceTree = "<group>"; };
		7934D7E2243B39960044A64A /* NetworkTaskResult+Description.swift */ = {isa = PBXFileReference; lastKnownFileType = sourcecode.swift; path = "NetworkTaskResult+Description.swift"; sourceTree = "<group>"; };
		7934D7E4243B3BE30044A64A /* Step3FullConfigViewController.swift */ = {isa = PBXFileReference; lastKnownFileType = sourcecode.swift; path = Step3FullConfigViewController.swift; sourceTree = "<group>"; };
		7934D7E6243B422D0044A64A /* SetConsentStatusViewController.swift */ = {isa = PBXFileReference; lastKnownFileType = sourcecode.swift; path = SetConsentStatusViewController.swift; sourceTree = "<group>"; };
		7934D7E8243B42380044A64A /* GetConsentStatusViewController.swift */ = {isa = PBXFileReference; lastKnownFileType = sourcecode.swift; path = GetConsentStatusViewController.swift; sourceTree = "<group>"; };
		7934D7EA243B42430044A64A /* InvokeRightViewController.swift */ = {isa = PBXFileReference; lastKnownFileType = sourcecode.swift; path = InvokeRightViewController.swift; sourceTree = "<group>"; };
		7934D7EC243B45350044A64A /* UsageViewControllerProtocol.swift */ = {isa = PBXFileReference; lastKnownFileType = sourcecode.swift; path = UsageViewControllerProtocol.swift; sourceTree = "<group>"; };
		79378F2F243F3C120024FA9D /* CheckboxLabel.swift */ = {isa = PBXFileReference; lastKnownFileType = sourcecode.swift; path = CheckboxLabel.swift; sourceTree = "<group>"; };
		79378F31243F3C300024FA9D /* ConsentStatusView.swift */ = {isa = PBXFileReference; lastKnownFileType = sourcecode.swift; path = ConsentStatusView.swift; sourceTree = "<group>"; };
		79AE78F0242A7227006AFD7D /* Sample.app */ = {isa = PBXFileReference; explicitFileType = wrapper.application; includeInIndex = 0; path = Sample.app; sourceTree = BUILT_PRODUCTS_DIR; };
		79AE78F3242A7227006AFD7D /* AppDelegate.swift */ = {isa = PBXFileReference; lastKnownFileType = sourcecode.swift; path = AppDelegate.swift; sourceTree = "<group>"; };
		79AE78F5242A7227006AFD7D /* SceneDelegate.swift */ = {isa = PBXFileReference; lastKnownFileType = sourcecode.swift; path = SceneDelegate.swift; sourceTree = "<group>"; };
		79AE78FA242A7227006AFD7D /* Base */ = {isa = PBXFileReference; lastKnownFileType = file.storyboard; name = Base; path = Base.lproj/Main.storyboard; sourceTree = "<group>"; };
		79AE78FC242A7228006AFD7D /* Assets.xcassets */ = {isa = PBXFileReference; lastKnownFileType = folder.assetcatalog; path = Assets.xcassets; sourceTree = "<group>"; };
		79AE78FF242A7228006AFD7D /* Base */ = {isa = PBXFileReference; lastKnownFileType = file.storyboard; name = Base; path = Base.lproj/LaunchScreen.storyboard; sourceTree = "<group>"; };
		79AE7901242A7228006AFD7D /* Info.plist */ = {isa = PBXFileReference; lastKnownFileType = text.plist.xml; path = Info.plist; sourceTree = "<group>"; };
		E27153D7AB6677A1DF5B0127 /* Pods-Sample.debug.xcconfig */ = {isa = PBXFileReference; includeInIndex = 1; lastKnownFileType = text.xcconfig; name = "Pods-Sample.debug.xcconfig"; path = "Target Support Files/Pods-Sample/Pods-Sample.debug.xcconfig"; sourceTree = "<group>"; };
/* End PBXFileReference section */

/* Begin PBXFrameworksBuildPhase section */
		79AE78ED242A7227006AFD7D /* Frameworks */ = {
			isa = PBXFrameworksBuildPhase;
			buildActionMask = 2147483647;
			files = (
			);
			runOnlyForDeploymentPostprocessing = 0;
		};
/* End PBXFrameworksBuildPhase section */

/* Begin PBXGroup section */
		7934D7DC243B318A0044A64A /* Screens */ = {
			isa = PBXGroup;
			children = (
				7934D7DD243B31A40044A64A /* Step1SetupViewController.swift */,
				7934D7DF243B34250044A64A /* Step2BootstrapConfigViewController.swift */,
				7934D7E4243B3BE30044A64A /* Step3FullConfigViewController.swift */,
				7934D7E6243B422D0044A64A /* SetConsentStatusViewController.swift */,
				7934D7E8243B42380044A64A /* GetConsentStatusViewController.swift */,
				7934D7EA243B42430044A64A /* InvokeRightViewController.swift */,
				7934D7EC243B45350044A64A /* UsageViewControllerProtocol.swift */,
			);
			path = Screens;
			sourceTree = "<group>";
		};
		7934D7E1243B39750044A64A /* Extensions */ = {
			isa = PBXGroup;
			children = (
				7934D7E2243B39960044A64A /* NetworkTaskResult+Description.swift */,
			);
			path = Extensions;
			sourceTree = "<group>";
		};
		79378F2E243F3BFD0024FA9D /* Controls */ = {
			isa = PBXGroup;
			children = (
				79378F2F243F3C120024FA9D /* CheckboxLabel.swift */,
				79378F31243F3C300024FA9D /* ConsentStatusView.swift */,
			);
			path = Controls;
			sourceTree = "<group>";
		};
		79AE78E7242A7227006AFD7D = {
			isa = PBXGroup;
			children = (
				79AE78F2242A7227006AFD7D /* Sample */,
				79AE78F1242A7227006AFD7D /* Products */,
				AD8AF3C859F2B373F7E27620 /* Pods */,
			);
			sourceTree = "<group>";
		};
		79AE78F1242A7227006AFD7D /* Products */ = {
			isa = PBXGroup;
			children = (
				79AE78F0242A7227006AFD7D /* Sample.app */,
			);
			name = Products;
			sourceTree = "<group>";
		};
		79AE78F2242A7227006AFD7D /* Sample */ = {
			isa = PBXGroup;
			children = (
				79378F2E243F3BFD0024FA9D /* Controls */,
				7934D7DC243B318A0044A64A /* Screens */,
				7934D7E1243B39750044A64A /* Extensions */,
				79AE78F3242A7227006AFD7D /* AppDelegate.swift */,
				79AE78F5242A7227006AFD7D /* SceneDelegate.swift */,
				79AE78F9242A7227006AFD7D /* Main.storyboard */,
				79AE78FC242A7228006AFD7D /* Assets.xcassets */,
				79AE78FE242A7228006AFD7D /* LaunchScreen.storyboard */,
				79AE7901242A7228006AFD7D /* Info.plist */,
			);
			path = Sample;
			sourceTree = "<group>";
		};
		AD8AF3C859F2B373F7E27620 /* Pods */ = {
			isa = PBXGroup;
			children = (
				E27153D7AB6677A1DF5B0127 /* Pods-Sample.debug.xcconfig */,
				06E98EBA8CC23DC688C0BB42 /* Pods-Sample.release.xcconfig */,
			);
			path = Pods;
			sourceTree = "<group>";
		};
/* End PBXGroup section */

/* Begin PBXNativeTarget section */
		79AE78EF242A7227006AFD7D /* Sample */ = {
			isa = PBXNativeTarget;
			buildConfigurationList = 79AE7904242A7228006AFD7D /* Build configuration list for PBXNativeTarget "Sample" */;
			buildPhases = (
				C2FC31E56F79B6E757A20D0F /* [CP] Check Pods Manifest.lock */,
				79AE78EC242A7227006AFD7D /* Sources */,
				79AE78ED242A7227006AFD7D /* Frameworks */,
				79AE78EE242A7227006AFD7D /* Resources */,
				3DC059F5EDB0452D0C3DCAB2 /* [CP] Embed Pods Frameworks */,
			);
			buildRules = (
			);
			dependencies = (
			);
			name = Sample;
			productName = Sample;
			productReference = 79AE78F0242A7227006AFD7D /* Sample.app */;
			productType = "com.apple.product-type.application";
		};
/* End PBXNativeTarget section */

/* Begin PBXProject section */
		79AE78E8242A7227006AFD7D /* Project object */ = {
			isa = PBXProject;
			attributes = {
				LastSwiftUpdateCheck = 1120;
				LastUpgradeCheck = 1120;
				ORGANIZATIONNAME = Switchbit;
				TargetAttributes = {
					79AE78EF242A7227006AFD7D = {
						CreatedOnToolsVersion = 11.2.1;
					};
				};
			};
			buildConfigurationList = 79AE78EB242A7227006AFD7D /* Build configuration list for PBXProject "Sample" */;
			compatibilityVersion = "Xcode 9.3";
			developmentRegion = en;
			hasScannedForEncodings = 0;
			knownRegions = (
				en,
				Base,
			);
			mainGroup = 79AE78E7242A7227006AFD7D;
			productRefGroup = 79AE78F1242A7227006AFD7D /* Products */;
			projectDirPath = "";
			projectRoot = "";
			targets = (
				79AE78EF242A7227006AFD7D /* Sample */,
			);
		};
/* End PBXProject section */

/* Begin PBXResourcesBuildPhase section */
		79AE78EE242A7227006AFD7D /* Resources */ = {
			isa = PBXResourcesBuildPhase;
			buildActionMask = 2147483647;
			files = (
				79AE7900242A7228006AFD7D /* LaunchScreen.storyboard in Resources */,
				79AE78FD242A7228006AFD7D /* Assets.xcassets in Resources */,
				79AE78FB242A7227006AFD7D /* Main.storyboard in Resources */,
			);
			runOnlyForDeploymentPostprocessing = 0;
		};
/* End PBXResourcesBuildPhase section */

/* Begin PBXShellScriptBuildPhase section */
		3DC059F5EDB0452D0C3DCAB2 /* [CP] Embed Pods Frameworks */ = {
			isa = PBXShellScriptBuildPhase;
			buildActionMask = 2147483647;
			files = (
			);
			inputFileListPaths = (
				"${PODS_ROOT}/Target Support Files/Pods-Sample/Pods-Sample-frameworks-${CONFIGURATION}-input-files.xcfilelist",
			);
			name = "[CP] Embed Pods Frameworks";
			outputFileListPaths = (
				"${PODS_ROOT}/Target Support Files/Pods-Sample/Pods-Sample-frameworks-${CONFIGURATION}-output-files.xcfilelist",
			);
			runOnlyForDeploymentPostprocessing = 0;
			shellPath = /bin/sh;
			shellScript = "\"${PODS_ROOT}/Target Support Files/Pods-Sample/Pods-Sample-frameworks.sh\"\n";
			showEnvVarsInLog = 0;
		};
		C2FC31E56F79B6E757A20D0F /* [CP] Check Pods Manifest.lock */ = {
			isa = PBXShellScriptBuildPhase;
			buildActionMask = 2147483647;
			files = (
			);
			inputFileListPaths = (
			);
			inputPaths = (
				"${PODS_PODFILE_DIR_PATH}/Podfile.lock",
				"${PODS_ROOT}/Manifest.lock",
			);
			name = "[CP] Check Pods Manifest.lock";
			outputFileListPaths = (
			);
			outputPaths = (
				"$(DERIVED_FILE_DIR)/Pods-Sample-checkManifestLockResult.txt",
			);
			runOnlyForDeploymentPostprocessing = 0;
			shellPath = /bin/sh;
			shellScript = "diff \"${PODS_PODFILE_DIR_PATH}/Podfile.lock\" \"${PODS_ROOT}/Manifest.lock\" > /dev/null\nif [ $? != 0 ] ; then\n    # print error to STDERR\n    echo \"error: The sandbox is not in sync with the Podfile.lock. Run 'pod install' or update your CocoaPods installation.\" >&2\n    exit 1\nfi\n# This output is used by Xcode 'outputs' to avoid re-running this script phase.\necho \"SUCCESS\" > \"${SCRIPT_OUTPUT_FILE_0}\"\n";
			showEnvVarsInLog = 0;
		};
/* End PBXShellScriptBuildPhase section */

/* Begin PBXSourcesBuildPhase section */
		79AE78EC242A7227006AFD7D /* Sources */ = {
			isa = PBXSourcesBuildPhase;
			buildActionMask = 2147483647;
			files = (
				7934D7E9243B42380044A64A /* GetConsentStatusViewController.swift in Sources */,
				7934D7E7243B422D0044A64A /* SetConsentStatusViewController.swift in Sources */,
				79AE78F4242A7227006AFD7D /* AppDelegate.swift in Sources */,
				79378F32243F3C300024FA9D /* ConsentStatusView.swift in Sources */,
				7934D7ED243B45350044A64A /* UsageViewControllerProtocol.swift in Sources */,
				79378F30243F3C120024FA9D /* CheckboxLabel.swift in Sources */,
				7934D7DE243B31A40044A64A /* Step1SetupViewController.swift in Sources */,
				7934D7EB243B42430044A64A /* InvokeRightViewController.swift in Sources */,
				7934D7E0243B34250044A64A /* Step2BootstrapConfigViewController.swift in Sources */,
				79AE78F6242A7227006AFD7D /* SceneDelegate.swift in Sources */,
				7934D7E5243B3BE30044A64A /* Step3FullConfigViewController.swift in Sources */,
				7934D7E3243B39960044A64A /* NetworkTaskResult+Description.swift in Sources */,
			);
			runOnlyForDeploymentPostprocessing = 0;
		};
/* End PBXSourcesBuildPhase section */

/* Begin PBXVariantGroup section */
		79AE78F9242A7227006AFD7D /* Main.storyboard */ = {
			isa = PBXVariantGroup;
			children = (
				79AE78FA242A7227006AFD7D /* Base */,
			);
			name = Main.storyboard;
			sourceTree = "<group>";
		};
		79AE78FE242A7228006AFD7D /* LaunchScreen.storyboard */ = {
			isa = PBXVariantGroup;
			children = (
				79AE78FF242A7228006AFD7D /* Base */,
			);
			name = LaunchScreen.storyboard;
			sourceTree = "<group>";
		};
/* End PBXVariantGroup section */

/* Begin XCBuildConfiguration section */
		79AE7902242A7228006AFD7D /* Debug */ = {
			isa = XCBuildConfiguration;
			buildSettings = {
				ALWAYS_SEARCH_USER_PATHS = NO;
				CLANG_ANALYZER_NONNULL = YES;
				CLANG_ANALYZER_NUMBER_OBJECT_CONVERSION = YES_AGGRESSIVE;
				CLANG_CXX_LANGUAGE_STANDARD = "gnu++14";
				CLANG_CXX_LIBRARY = "libc++";
				CLANG_ENABLE_MODULES = YES;
				CLANG_ENABLE_OBJC_ARC = YES;
				CLANG_ENABLE_OBJC_WEAK = YES;
				CLANG_WARN_BLOCK_CAPTURE_AUTORELEASING = YES;
				CLANG_WARN_BOOL_CONVERSION = YES;
				CLANG_WARN_COMMA = YES;
				CLANG_WARN_CONSTANT_CONVERSION = YES;
				CLANG_WARN_DEPRECATED_OBJC_IMPLEMENTATIONS = YES;
				CLANG_WARN_DIRECT_OBJC_ISA_USAGE = YES_ERROR;
				CLANG_WARN_DOCUMENTATION_COMMENTS = YES;
				CLANG_WARN_EMPTY_BODY = YES;
				CLANG_WARN_ENUM_CONVERSION = YES;
				CLANG_WARN_INFINITE_RECURSION = YES;
				CLANG_WARN_INT_CONVERSION = YES;
				CLANG_WARN_NON_LITERAL_NULL_CONVERSION = YES;
				CLANG_WARN_OBJC_IMPLICIT_RETAIN_SELF = YES;
				CLANG_WARN_OBJC_LITERAL_CONVERSION = YES;
				CLANG_WARN_OBJC_ROOT_CLASS = YES_ERROR;
				CLANG_WARN_RANGE_LOOP_ANALYSIS = YES;
				CLANG_WARN_STRICT_PROTOTYPES = YES;
				CLANG_WARN_SUSPICIOUS_MOVE = YES;
				CLANG_WARN_UNGUARDED_AVAILABILITY = YES_AGGRESSIVE;
				CLANG_WARN_UNREACHABLE_CODE = YES;
				CLANG_WARN__DUPLICATE_METHOD_MATCH = YES;
				COPY_PHASE_STRIP = NO;
				DEBUG_INFORMATION_FORMAT = dwarf;
				ENABLE_STRICT_OBJC_MSGSEND = YES;
				ENABLE_TESTABILITY = YES;
				GCC_C_LANGUAGE_STANDARD = gnu11;
				GCC_DYNAMIC_NO_PIC = NO;
				GCC_NO_COMMON_BLOCKS = YES;
				GCC_OPTIMIZATION_LEVEL = 0;
				GCC_PREPROCESSOR_DEFINITIONS = (
					"DEBUG=1",
					"$(inherited)",
				);
				GCC_WARN_64_TO_32_BIT_CONVERSION = YES;
				GCC_WARN_ABOUT_RETURN_TYPE = YES_ERROR;
				GCC_WARN_UNDECLARED_SELECTOR = YES;
				GCC_WARN_UNINITIALIZED_AUTOS = YES_AGGRESSIVE;
				GCC_WARN_UNUSED_FUNCTION = YES;
				GCC_WARN_UNUSED_VARIABLE = YES;
				IPHONEOS_DEPLOYMENT_TARGET = 13.2;
				MTL_ENABLE_DEBUG_INFO = INCLUDE_SOURCE;
				MTL_FAST_MATH = YES;
				ONLY_ACTIVE_ARCH = YES;
				SDKROOT = iphoneos;
				SWIFT_ACTIVE_COMPILATION_CONDITIONS = DEBUG;
				SWIFT_OPTIMIZATION_LEVEL = "-Onone";
			};
			name = Debug;
		};
		79AE7903242A7228006AFD7D /* Release */ = {
			isa = XCBuildConfiguration;
			buildSettings = {
				ALWAYS_SEARCH_USER_PATHS = NO;
				CLANG_ANALYZER_NONNULL = YES;
				CLANG_ANALYZER_NUMBER_OBJECT_CONVERSION = YES_AGGRESSIVE;
				CLANG_CXX_LANGUAGE_STANDARD = "gnu++14";
				CLANG_CXX_LIBRARY = "libc++";
				CLANG_ENABLE_MODULES = YES;
				CLANG_ENABLE_OBJC_ARC = YES;
				CLANG_ENABLE_OBJC_WEAK = YES;
				CLANG_WARN_BLOCK_CAPTURE_AUTORELEASING = YES;
				CLANG_WARN_BOOL_CONVERSION = YES;
				CLANG_WARN_COMMA = YES;
				CLANG_WARN_CONSTANT_CONVERSION = YES;
				CLANG_WARN_DEPRECATED_OBJC_IMPLEMENTATIONS = YES;
				CLANG_WARN_DIRECT_OBJC_ISA_USAGE = YES_ERROR;
				CLANG_WARN_DOCUMENTATION_COMMENTS = YES;
				CLANG_WARN_EMPTY_BODY = YES;
				CLANG_WARN_ENUM_CONVERSION = YES;
				CLANG_WARN_INFINITE_RECURSION = YES;
				CLANG_WARN_INT_CONVERSION = YES;
				CLANG_WARN_NON_LITERAL_NULL_CONVERSION = YES;
				CLANG_WARN_OBJC_IMPLICIT_RETAIN_SELF = YES;
				CLANG_WARN_OBJC_LITERAL_CONVERSION = YES;
				CLANG_WARN_OBJC_ROOT_CLASS = YES_ERROR;
				CLANG_WARN_RANGE_LOOP_ANALYSIS = YES;
				CLANG_WARN_STRICT_PROTOTYPES = YES;
				CLANG_WARN_SUSPICIOUS_MOVE = YES;
				CLANG_WARN_UNGUARDED_AVAILABILITY = YES_AGGRESSIVE;
				CLANG_WARN_UNREACHABLE_CODE = YES;
				CLANG_WARN__DUPLICATE_METHOD_MATCH = YES;
				COPY_PHASE_STRIP = NO;
				DEBUG_INFORMATION_FORMAT = "dwarf-with-dsym";
				ENABLE_NS_ASSERTIONS = NO;
				ENABLE_STRICT_OBJC_MSGSEND = YES;
				GCC_C_LANGUAGE_STANDARD = gnu11;
				GCC_NO_COMMON_BLOCKS = YES;
				GCC_WARN_64_TO_32_BIT_CONVERSION = YES;
				GCC_WARN_ABOUT_RETURN_TYPE = YES_ERROR;
				GCC_WARN_UNDECLARED_SELECTOR = YES;
				GCC_WARN_UNINITIALIZED_AUTOS = YES_AGGRESSIVE;
				GCC_WARN_UNUSED_FUNCTION = YES;
				GCC_WARN_UNUSED_VARIABLE = YES;
				IPHONEOS_DEPLOYMENT_TARGET = 13.2;
				MTL_ENABLE_DEBUG_INFO = NO;
				MTL_FAST_MATH = YES;
				SDKROOT = iphoneos;
				SWIFT_COMPILATION_MODE = wholemodule;
				SWIFT_OPTIMIZATION_LEVEL = "-O";
				VALIDATE_PRODUCT = YES;
			};
			name = Release;
		};
		79AE7905242A7228006AFD7D /* Debug */ = {
			isa = XCBuildConfiguration;
			baseConfigurationReference = E27153D7AB6677A1DF5B0127 /* Pods-Sample.debug.xcconfig */;
			buildSettings = {
				ASSETCATALOG_COMPILER_APPICON_NAME = AppIcon;
				BUILD_LIBRARY_FOR_DISTRIBUTION = NO;
				CODE_SIGN_STYLE = Automatic;
				INFOPLIST_FILE = Sample/Info.plist;
				LD_RUNPATH_SEARCH_PATHS = (
					"$(inherited)",
					"@executable_path/Frameworks",
				);
				PRODUCT_BUNDLE_IDENTIFIER = com.switchbit.Sample;
				PRODUCT_NAME = "$(TARGET_NAME)";
				SWIFT_VERSION = 5.0;
				TARGETED_DEVICE_FAMILY = "1,2";
			};
			name = Debug;
		};
		79AE7906242A7228006AFD7D /* Release */ = {
			isa = XCBuildConfiguration;
			baseConfigurationReference = 06E98EBA8CC23DC688C0BB42 /* Pods-Sample.release.xcconfig */;
			buildSettings = {
				ASSETCATALOG_COMPILER_APPICON_NAME = AppIcon;
				BUILD_LIBRARY_FOR_DISTRIBUTION = NO;
				CODE_SIGN_STYLE = Automatic;
				INFOPLIST_FILE = Sample/Info.plist;
				LD_RUNPATH_SEARCH_PATHS = (
					"$(inherited)",
					"@executable_path/Frameworks",
				);
				PRODUCT_BUNDLE_IDENTIFIER = com.switchbit.Sample;
				PRODUCT_NAME = "$(TARGET_NAME)";
				SWIFT_VERSION = 5.0;
				TARGETED_DEVICE_FAMILY = "1,2";
			};
			name = Release;
		};
/* End XCBuildConfiguration section */

/* Begin XCConfigurationList section */
		79AE78EB242A7227006AFD7D /* Build configuration list for PBXProject "Sample" */ = {
			isa = XCConfigurationList;
			buildConfigurations = (
				79AE7902242A7228006AFD7D /* Debug */,
				79AE7903242A7228006AFD7D /* Release */,
			);
			defaultConfigurationIsVisible = 0;
			defaultConfigurationName = Release;
		};
		79AE7904242A7228006AFD7D /* Build configuration list for PBXNativeTarget "Sample" */ = {
			isa = XCConfigurationList;
			buildConfigurations = (
				79AE7905242A7228006AFD7D /* Debug */,
				79AE7906242A7228006AFD7D /* Release */,
			);
			defaultConfigurationIsVisible = 0;
			defaultConfigurationName = Release;
		};
/* End XCConfigurationList section */
	};
	rootObject = 79AE78E8242A7227006AFD7D /* Project object */;
}
